
Microsoft Visual Studio Solution File, Format Version 12.00
# Visual Studio Version 17
VisualStudioVersion = 17.4.33403.182
MinimumVisualStudioVersion = 10.0.40219.1
Project("{FAE04EC0-301F-11D3-BF4B-00C04F79EFBC}") = "StaticSample001", "StaticSample001\StaticSample001.csproj", "{1693FCF3-02AD-4830-9C95-B42E33678465}"
EndProject
Global
	GlobalSection(SolutionConfigurationPlatforms) = preSolution
		Debug|Any CPU = Debug|Any CPU
		Release|Any CPU = Release|Any CPU
	EndGlobalSection
	GlobalSection(ProjectConfigurationPlatforms) = postSolution
		{1693FCF3-02AD-4830-9C95-B42E33678465}.Debug|Any CPU.ActiveCfg = Debug|Any CPU
		{1693FCF3-02AD-4830-9C95-B42E33678465}.Debug|Any CPU.Build.0 = Debug|Any CPU
		{1693FCF3-02AD-4830-9C95-B42E33678465}.Release|Any CPU.ActiveCfg = Release|Any CPU
		{1693FCF3-02AD-4830-9C95-B42E33678465}.Release|Any CPU.Build.0 = Release|Any CPU
	EndGlobalSection
	GlobalSection(SolutionProperties) = preSolution
		HideSolutionNode = FALSE
	EndGlobalSection
	GlobalSection(ExtensibilityGlobals) = postSolution
		SolutionGuid = {93A4E991-8ACD-41DE-A21C-D00E35DA6D2B}
	EndGlobalSection
EndGlobal
