
Microsoft Visual Studio Solution File, Format Version 12.00
# Visual Studio Version 17
VisualStudioVersion = 17.4.33403.182
MinimumVisualStudioVersion = 10.0.40219.1
Project("{FAE04EC0-301F-11D3-BF4B-00C04F79EFBC}") = "InterfaceSample001", "InterfaceSample001\InterfaceSample001.csproj", "{6BAD3DFF-224B-421E-A694-6415D6E939FF}"
EndProject
Global
	GlobalSection(SolutionConfigurationPlatforms) = preSolution
		Debug|Any CPU = Debug|Any CPU
		Release|Any CPU = Release|Any CPU
	EndGlobalSection
	GlobalSection(ProjectConfigurationPlatforms) = postSolution
		{6BAD3DFF-224B-421E-A694-6415D6E939FF}.Debug|Any CPU.ActiveCfg = Debug|Any CPU
		{6BAD3DFF-224B-421E-A694-6415D6E939FF}.Debug|Any CPU.Build.0 = Debug|Any CPU
		{6BAD3DFF-224B-421E-A694-6415D6E939FF}.Release|Any CPU.ActiveCfg = Release|Any CPU
		{6BAD3DFF-224B-421E-A694-6415D6E939FF}.Release|Any CPU.Build.0 = Release|Any CPU
	EndGlobalSection
	GlobalSection(SolutionProperties) = preSolution
		HideSolutionNode = FALSE
	EndGlobalSection
	GlobalSection(ExtensibilityGlobals) = postSolution
		SolutionGuid = {DAA06334-8C0A-4710-BC99-D5ED2AA3E7F1}
	EndGlobalSection
EndGlobal
